// !$*UTF8*$!
{
	archiveVersion = 1;
	classes = {
	};
	objectVersion = 50;
	objects = {

/* Begin PBXBuildFile section */
		B94E0A48269EB58D00FDFF89 /* CustomShape.swift in Sources */ = {isa = PBXBuildFile; fileRef = B94E0A47269EB58D00FDFF89 /* CustomShape.swift */; };
		B94E0A4A269EB93700FDFF89 /* RatingsSizesDetailView.swift in Sources */ = {isa = PBXBuildFile; fileRef = B94E0A49269EB93700FDFF89 /* RatingsSizesDetailView.swift */; };
		B94E0A4C269EC5C600FDFF89 /* QuantityFavouriteDetailView.swift in Sources */ = {isa = PBXBuildFile; fileRef = B94E0A4B269EC5C600FDFF89 /* QuantityFavouriteDetailView.swift */; };
		B94E0A4E269EC96700FDFF89 /* AddToCart.swift in Sources */ = {isa = PBXBuildFile; fileRef = B94E0A4D269EC96700FDFF89 /* AddToCart.swift */; };
		B94E0A50269ECBAF00FDFF89 /* Shop.swift in Sources */ = {isa = PBXBuildFile; fileRef = B94E0A4F269ECBAF00FDFF89 /* Shop.swift */; };
		B962F438269AD3430001AB63 /* FooterView.swift in Sources */ = {isa = PBXBuildFile; fileRef = B962F437269AD3430001AB63 /* FooterView.swift */; };
		B962F43A269AD6980001AB63 /* NavigationBarView.swift in Sources */ = {isa = PBXBuildFile; fileRef = B962F439269AD6980001AB63 /* NavigationBarView.swift */; };
		B962F43C269AD8900001AB63 /* LogoView.swift in Sources */ = {isa = PBXBuildFile; fileRef = B962F43B269AD8900001AB63 /* LogoView.swift */; };
		B962F440269ADEC00001AB63 /* CodableBundleExtension.swift in Sources */ = {isa = PBXBuildFile; fileRef = B962F43F269ADEC00001AB63 /* CodableBundleExtension.swift */; };
		B962F442269AE1E70001AB63 /* FeaturedItemView.swift in Sources */ = {isa = PBXBuildFile; fileRef = B962F441269AE1E70001AB63 /* FeaturedItemView.swift */; };
		B962F444269AE2A10001AB63 /* FeaturedTabView.swift in Sources */ = {isa = PBXBuildFile; fileRef = B962F443269AE2A10001AB63 /* FeaturedTabView.swift */; };
		B99ED5AD269ACA680018A2AF /* TouchdownApp.swift in Sources */ = {isa = PBXBuildFile; fileRef = B99ED5AC269ACA680018A2AF /* TouchdownApp.swift */; };
		B99ED5AF269ACA680018A2AF /* ContentView.swift in Sources */ = {isa = PBXBuildFile; fileRef = B99ED5AE269ACA680018A2AF /* ContentView.swift */; };
		B99ED5B1269ACA6B0018A2AF /* Assets.xcassets in Resources */ = {isa = PBXBuildFile; fileRef = B99ED5B0269ACA6B0018A2AF /* Assets.xcassets */; };
		B99ED5B4269ACA6B0018A2AF /* Preview Assets.xcassets in Resources */ = {isa = PBXBuildFile; fileRef = B99ED5B3269ACA6B0018A2AF /* Preview Assets.xcassets */; };
		B99ED5BF269ACB340018A2AF /* player.json in Resources */ = {isa = PBXBuildFile; fileRef = B99ED5BB269ACB340018A2AF /* player.json */; };
		B99ED5C0269ACB340018A2AF /* brand.json in Resources */ = {isa = PBXBuildFile; fileRef = B99ED5BC269ACB340018A2AF /* brand.json */; };
		B99ED5C1269ACB340018A2AF /* product.json in Resources */ = {isa = PBXBuildFile; fileRef = B99ED5BD269ACB340018A2AF /* product.json */; };
		B99ED5C2269ACB340018A2AF /* category.json in Resources */ = {isa = PBXBuildFile; fileRef = B99ED5BE269ACB340018A2AF /* category.json */; };
		B99ED5CC269ACDD70018A2AF /* Constant.swift in Sources */ = {isa = PBXBuildFile; fileRef = B99ED5CB269ACDD70018A2AF /* Constant.swift */; };
		B9FAB4BC269D6C3900739182 /* PlayerModel.swift in Sources */ = {isa = PBXBuildFile; fileRef = B9FAB4BB269D6C3900739182 /* PlayerModel.swift */; };
		B9FAB4BE269D6CC900739182 /* CategoryModel.swift in Sources */ = {isa = PBXBuildFile; fileRef = B9FAB4BD269D6CC900739182 /* CategoryModel.swift */; };
		B9FAB4C0269D6E9800739182 /* CategoryItemView.swift in Sources */ = {isa = PBXBuildFile; fileRef = B9FAB4BF269D6E9800739182 /* CategoryItemView.swift */; };
		B9FAB4C2269D70A900739182 /* CategoryGridView.swift in Sources */ = {isa = PBXBuildFile; fileRef = B9FAB4C1269D70A900739182 /* CategoryGridView.swift */; };
		B9FAB4C4269D725300739182 /* SectionView.swift in Sources */ = {isa = PBXBuildFile; fileRef = B9FAB4C3269D725300739182 /* SectionView.swift */; };
		B9FAB4C6269D761A00739182 /* TitleView.swift in Sources */ = {isa = PBXBuildFile; fileRef = B9FAB4C5269D761A00739182 /* TitleView.swift */; };
		B9FAB4C8269D783C00739182 /* ProductModel.swift in Sources */ = {isa = PBXBuildFile; fileRef = B9FAB4C7269D783C00739182 /* ProductModel.swift */; };
		B9FAB4CA269D793100739182 /* ProductItemView.swift in Sources */ = {isa = PBXBuildFile; fileRef = B9FAB4C9269D793100739182 /* ProductItemView.swift */; };
		B9FAB4CC269D7FC300739182 /* BrandModel.swift in Sources */ = {isa = PBXBuildFile; fileRef = B9FAB4CB269D7FC300739182 /* BrandModel.swift */; };
		B9FAB4CE269D804B00739182 /* BrandItemView.swift in Sources */ = {isa = PBXBuildFile; fileRef = B9FAB4CD269D804B00739182 /* BrandItemView.swift */; };
		B9FAB4D0269D818E00739182 /* BrandGridView.swift in Sources */ = {isa = PBXBuildFile; fileRef = B9FAB4CF269D818E00739182 /* BrandGridView.swift */; };
		B9FAB4D2269D853F00739182 /* ProductDetailView.swift in Sources */ = {isa = PBXBuildFile; fileRef = B9FAB4D1269D853F00739182 /* ProductDetailView.swift */; };
		B9FAB4D4269D867500739182 /* NavigationBarDetailView.swift in Sources */ = {isa = PBXBuildFile; fileRef = B9FAB4D3269D867500739182 /* NavigationBarDetailView.swift */; };
		B9FAB4D6269D88CB00739182 /* HeaderDetailView.swift in Sources */ = {isa = PBXBuildFile; fileRef = B9FAB4D5269D88CB00739182 /* HeaderDetailView.swift */; };
		B9FAB4D8269D8ADA00739182 /* TopPartDetailView.swift in Sources */ = {isa = PBXBuildFile; fileRef = B9FAB4D7269D8ADA00739182 /* TopPartDetailView.swift */; };
/* End PBXBuildFile section */

/* Begin PBXFileReference section */
		B94E0A47269EB58D00FDFF89 /* CustomShape.swift */ = {isa = PBXFileReference; lastKnownFileType = sourcecode.swift; path = CustomShape.swift; sourceTree = "<group>"; };
		B94E0A49269EB93700FDFF89 /* RatingsSizesDetailView.swift */ = {isa = PBXFileReference; lastKnownFileType = sourcecode.swift; path = RatingsSizesDetailView.swift; sourceTree = "<group>"; };
		B94E0A4B269EC5C600FDFF89 /* QuantityFavouriteDetailView.swift */ = {isa = PBXFileReference; lastKnownFileType = sourcecode.swift; path = QuantityFavouriteDetailView.swift; sourceTree = "<group>"; };
		B94E0A4D269EC96700FDFF89 /* AddToCart.swift */ = {isa = PBXFileReference; lastKnownFileType = sourcecode.swift; path = AddToCart.swift; sourceTree = "<group>"; };
		B94E0A4F269ECBAF00FDFF89 /* Shop.swift */ = {isa = PBXFileReference; lastKnownFileType = sourcecode.swift; path = Shop.swift; sourceTree = "<group>"; };
		B962F437269AD3430001AB63 /* FooterView.swift */ = {isa = PBXFileReference; lastKnownFileType = sourcecode.swift; path = FooterView.swift; sourceTree = "<group>"; };
		B962F439269AD6980001AB63 /* NavigationBarView.swift */ = {isa = PBXFileReference; lastKnownFileType = sourcecode.swift; path = NavigationBarView.swift; sourceTree = "<group>"; };
		B962F43B269AD8900001AB63 /* LogoView.swift */ = {isa = PBXFileReference; lastKnownFileType = sourcecode.swift; path = LogoView.swift; sourceTree = "<group>"; };
		B962F43F269ADEC00001AB63 /* CodableBundleExtension.swift */ = {isa = PBXFileReference; lastKnownFileType = sourcecode.swift; path = CodableBundleExtension.swift; sourceTree = "<group>"; };
		B962F441269AE1E70001AB63 /* FeaturedItemView.swift */ = {isa = PBXFileReference; lastKnownFileType = sourcecode.swift; path = FeaturedItemView.swift; sourceTree = "<group>"; };
		B962F443269AE2A10001AB63 /* FeaturedTabView.swift */ = {isa = PBXFileReference; lastKnownFileType = sourcecode.swift; path = FeaturedTabView.swift; sourceTree = "<group>"; };
		B99ED5A9269ACA680018A2AF /* Touchdown.app */ = {isa = PBXFileReference; explicitFileType = wrapper.application; includeInIndex = 0; path = Touchdown.app; sourceTree = BUILT_PRODUCTS_DIR; };
		B99ED5AC269ACA680018A2AF /* TouchdownApp.swift */ = {isa = PBXFileReference; lastKnownFileType = sourcecode.swift; path = TouchdownApp.swift; sourceTree = "<group>"; };
		B99ED5AE269ACA680018A2AF /* ContentView.swift */ = {isa = PBXFileReference; lastKnownFileType = sourcecode.swift; path = ContentView.swift; sourceTree = "<group>"; };
		B99ED5B0269ACA6B0018A2AF /* Assets.xcassets */ = {isa = PBXFileReference; lastKnownFileType = folder.assetcatalog; path = Assets.xcassets; sourceTree = "<group>"; };
		B99ED5B3269ACA6B0018A2AF /* Preview Assets.xcassets */ = {isa = PBXFileReference; lastKnownFileType = folder.assetcatalog; path = "Preview Assets.xcassets"; sourceTree = "<group>"; };
		B99ED5B5269ACA6B0018A2AF /* Info.plist */ = {isa = PBXFileReference; lastKnownFileType = text.plist.xml; path = Info.plist; sourceTree = "<group>"; };
		B99ED5BB269ACB340018A2AF /* player.json */ = {isa = PBXFileReference; fileEncoding = 4; lastKnownFileType = text.json; path = player.json; sourceTree = "<group>"; };
		B99ED5BC269ACB340018A2AF /* brand.json */ = {isa = PBXFileReference; fileEncoding = 4; lastKnownFileType = text.json; path = brand.json; sourceTree = "<group>"; };
		B99ED5BD269ACB340018A2AF /* product.json */ = {isa = PBXFileReference; fileEncoding = 4; lastKnownFileType = text.json; path = product.json; sourceTree = "<group>"; };
		B99ED5BE269ACB340018A2AF /* category.json */ = {isa = PBXFileReference; fileEncoding = 4; lastKnownFileType = text.json; path = category.json; sourceTree = "<group>"; };
		B99ED5CB269ACDD70018A2AF /* Constant.swift */ = {isa = PBXFileReference; lastKnownFileType = sourcecode.swift; path = Constant.swift; sourceTree = "<group>"; };
		B9FAB4BB269D6C3900739182 /* PlayerModel.swift */ = {isa = PBXFileReference; lastKnownFileType = sourcecode.swift; name = PlayerModel.swift; path = ../../../../PlayerModel.swift; sourceTree = "<group>"; };
		B9FAB4BD269D6CC900739182 /* CategoryModel.swift */ = {isa = PBXFileReference; lastKnownFileType = sourcecode.swift; path = CategoryModel.swift; sourceTree = "<group>"; };
		B9FAB4BF269D6E9800739182 /* CategoryItemView.swift */ = {isa = PBXFileReference; lastKnownFileType = sourcecode.swift; path = CategoryItemView.swift; sourceTree = "<group>"; };
		B9FAB4C1269D70A900739182 /* CategoryGridView.swift */ = {isa = PBXFileReference; lastKnownFileType = sourcecode.swift; path = CategoryGridView.swift; sourceTree = "<group>"; };
		B9FAB4C3269D725300739182 /* SectionView.swift */ = {isa = PBXFileReference; lastKnownFileType = sourcecode.swift; path = SectionView.swift; sourceTree = "<group>"; };
		B9FAB4C5269D761A00739182 /* TitleView.swift */ = {isa = PBXFileReference; lastKnownFileType = sourcecode.swift; path = TitleView.swift; sourceTree = "<group>"; };
		B9FAB4C7269D783C00739182 /* ProductModel.swift */ = {isa = PBXFileReference; lastKnownFileType = sourcecode.swift; path = ProductModel.swift; sourceTree = "<group>"; };
		B9FAB4C9269D793100739182 /* ProductItemView.swift */ = {isa = PBXFileReference; lastKnownFileType = sourcecode.swift; path = ProductItemView.swift; sourceTree = "<group>"; };
		B9FAB4CB269D7FC300739182 /* BrandModel.swift */ = {isa = PBXFileReference; lastKnownFileType = sourcecode.swift; path = BrandModel.swift; sourceTree = "<group>"; };
		B9FAB4CD269D804B00739182 /* BrandItemView.swift */ = {isa = PBXFileReference; lastKnownFileType = sourcecode.swift; path = BrandItemView.swift; sourceTree = "<group>"; };
		B9FAB4CF269D818E00739182 /* BrandGridView.swift */ = {isa = PBXFileReference; lastKnownFileType = sourcecode.swift; path = BrandGridView.swift; sourceTree = "<group>"; };
		B9FAB4D1269D853F00739182 /* ProductDetailView.swift */ = {isa = PBXFileReference; lastKnownFileType = sourcecode.swift; path = ProductDetailView.swift; sourceTree = "<group>"; };
		B9FAB4D3269D867500739182 /* NavigationBarDetailView.swift */ = {isa = PBXFileReference; lastKnownFileType = sourcecode.swift; path = NavigationBarDetailView.swift; sourceTree = "<group>"; };
		B9FAB4D5269D88CB00739182 /* HeaderDetailView.swift */ = {isa = PBXFileReference; lastKnownFileType = sourcecode.swift; path = HeaderDetailView.swift; sourceTree = "<group>"; };
		B9FAB4D7269D8ADA00739182 /* TopPartDetailView.swift */ = {isa = PBXFileReference; lastKnownFileType = sourcecode.swift; path = TopPartDetailView.swift; sourceTree = "<group>"; };
/* End PBXFileReference section */

/* Begin PBXFrameworksBuildPhase section */
		B99ED5A6269ACA680018A2AF /* Frameworks */ = {
			isa = PBXFrameworksBuildPhase;
			buildActionMask = 2147483647;
			files = (
			);
			runOnlyForDeploymentPostprocessing = 0;
		};
/* End PBXFrameworksBuildPhase section */

/* Begin PBXGroup section */
		B99ED5A0269ACA670018A2AF = {
			isa = PBXGroup;
			children = (
				B99ED5AB269ACA680018A2AF /* Touchdown */,
				B99ED5AA269ACA680018A2AF /* Products */,
			);
			sourceTree = "<group>";
		};
		B99ED5AA269ACA680018A2AF /* Products */ = {
			isa = PBXGroup;
			children = (
				B99ED5A9269ACA680018A2AF /* Touchdown.app */,
			);
			name = Products;
			sourceTree = "<group>";
		};
		B99ED5AB269ACA680018A2AF /* Touchdown */ = {
			isa = PBXGroup;
			children = (
				B99ED5C4269ACC4F0018A2AF /* App */,
				B99ED5C5269ACCFB0018A2AF /* View */,
				B99ED5CA269ACD460018A2AF /* Utility */,
				B99ED5C9269ACD340018A2AF /* Extension */,
				B99ED5C8269ACD260018A2AF /* Model */,
				B99ED5C3269ACB540018A2AF /* Data */,
				B99ED5B0269ACA6B0018A2AF /* Assets.xcassets */,
				B99ED5B5269ACA6B0018A2AF /* Info.plist */,
				B99ED5B2269ACA6B0018A2AF /* Preview Content */,
			);
			path = Touchdown;
			sourceTree = "<group>";
		};
		B99ED5B2269ACA6B0018A2AF /* Preview Content */ = {
			isa = PBXGroup;
			children = (
				B99ED5B3269ACA6B0018A2AF /* Preview Assets.xcassets */,
			);
			path = "Preview Content";
			sourceTree = "<group>";
		};
		B99ED5C3269ACB540018A2AF /* Data */ = {
			isa = PBXGroup;
			children = (
				B99ED5BC269ACB340018A2AF /* brand.json */,
				B99ED5BE269ACB340018A2AF /* category.json */,
				B99ED5BB269ACB340018A2AF /* player.json */,
				B99ED5BD269ACB340018A2AF /* product.json */,
			);
			path = Data;
			sourceTree = "<group>";
		};
		B99ED5C4269ACC4F0018A2AF /* App */ = {
			isa = PBXGroup;
			children = (
				B99ED5AC269ACA680018A2AF /* TouchdownApp.swift */,
				B99ED5AE269ACA680018A2AF /* ContentView.swift */,
				B9FAB4D1269D853F00739182 /* ProductDetailView.swift */,
			);
			path = App;
			sourceTree = "<group>";
		};
		B99ED5C5269ACCFB0018A2AF /* View */ = {
			isa = PBXGroup;
			children = (
				B99ED5C6269ACD0A0018A2AF /* Home */,
				B99ED5C7269ACD1A0018A2AF /* Detail */,
			);
			path = View;
			sourceTree = "<group>";
		};
		B99ED5C6269ACD0A0018A2AF /* Home */ = {
			isa = PBXGroup;
			children = (
				B962F437269AD3430001AB63 /* FooterView.swift */,
				B962F439269AD6980001AB63 /* NavigationBarView.swift */,
				B962F43B269AD8900001AB63 /* LogoView.swift */,
				B962F441269AE1E70001AB63 /* FeaturedItemView.swift */,
				B962F443269AE2A10001AB63 /* FeaturedTabView.swift */,
				B9FAB4BF269D6E9800739182 /* CategoryItemView.swift */,
				B9FAB4C1269D70A900739182 /* CategoryGridView.swift */,
				B9FAB4C3269D725300739182 /* SectionView.swift */,
				B9FAB4C5269D761A00739182 /* TitleView.swift */,
				B9FAB4C9269D793100739182 /* ProductItemView.swift */,
				B9FAB4CD269D804B00739182 /* BrandItemView.swift */,
				B9FAB4CF269D818E00739182 /* BrandGridView.swift */,
			);
			path = Home;
			sourceTree = "<group>";
		};
		B99ED5C7269ACD1A0018A2AF /* Detail */ = {
			isa = PBXGroup;
			children = (
				B9FAB4D3269D867500739182 /* NavigationBarDetailView.swift */,
				B9FAB4D5269D88CB00739182 /* HeaderDetailView.swift */,
				B9FAB4D7269D8ADA00739182 /* TopPartDetailView.swift */,
				B94E0A49269EB93700FDFF89 /* RatingsSizesDetailView.swift */,
				B94E0A4B269EC5C600FDFF89 /* QuantityFavouriteDetailView.swift */,
				B94E0A4D269EC96700FDFF89 /* AddToCart.swift */,
			);
			path = Detail;
			sourceTree = "<group>";
		};
		B99ED5C8269ACD260018A2AF /* Model */ = {
			isa = PBXGroup;
			children = (
				B9FAB4BB269D6C3900739182 /* PlayerModel.swift */,
				B9FAB4BD269D6CC900739182 /* CategoryModel.swift */,
				B9FAB4C7269D783C00739182 /* ProductModel.swift */,
				B9FAB4CB269D7FC300739182 /* BrandModel.swift */,
			);
			path = Model;
			sourceTree = "<group>";
		};
		B99ED5C9269ACD340018A2AF /* Extension */ = {
			isa = PBXGroup;
			children = (
				B962F43F269ADEC00001AB63 /* CodableBundleExtension.swift */,
			);
			path = Extension;
			sourceTree = "<group>";
		};
		B99ED5CA269ACD460018A2AF /* Utility */ = {
			isa = PBXGroup;
			children = (
				B99ED5CB269ACDD70018A2AF /* Constant.swift */,
				B94E0A47269EB58D00FDFF89 /* CustomShape.swift */,
				B94E0A4F269ECBAF00FDFF89 /* Shop.swift */,
			);
			path = Utility;
			sourceTree = "<group>";
		};
/* End PBXGroup section */

/* Begin PBXNativeTarget section */
		B99ED5A8269ACA680018A2AF /* Touchdown */ = {
			isa = PBXNativeTarget;
			buildConfigurationList = B99ED5B8269ACA6B0018A2AF /* Build configuration list for PBXNativeTarget "Touchdown" */;
			buildPhases = (
				B99ED5A5269ACA680018A2AF /* Sources */,
				B99ED5A6269ACA680018A2AF /* Frameworks */,
				B99ED5A7269ACA680018A2AF /* Resources */,
			);
			buildRules = (
			);
			dependencies = (
			);
			name = Touchdown;
			productName = Touchdown;
			productReference = B99ED5A9269ACA680018A2AF /* Touchdown.app */;
			productType = "com.apple.product-type.application";
		};
/* End PBXNativeTarget section */

/* Begin PBXProject section */
		B99ED5A1269ACA670018A2AF /* Project object */ = {
			isa = PBXProject;
			attributes = {
				LastSwiftUpdateCheck = 1250;
				LastUpgradeCheck = 1250;
				TargetAttributes = {
					B99ED5A8269ACA680018A2AF = {
						CreatedOnToolsVersion = 12.5.1;
					};
				};
			};
			buildConfigurationList = B99ED5A4269ACA670018A2AF /* Build configuration list for PBXProject "Touchdown" */;
			compatibilityVersion = "Xcode 9.3";
			developmentRegion = en;
			hasScannedForEncodings = 0;
			knownRegions = (
				en,
				Base,
			);
			mainGroup = B99ED5A0269ACA670018A2AF;
			productRefGroup = B99ED5AA269ACA680018A2AF /* Products */;
			projectDirPath = "";
			projectRoot = "";
			targets = (
				B99ED5A8269ACA680018A2AF /* Touchdown */,
			);
		};
/* End PBXProject section */

/* Begin PBXResourcesBuildPhase section */
		B99ED5A7269ACA680018A2AF /* Resources */ = {
			isa = PBXResourcesBuildPhase;
			buildActionMask = 2147483647;
			files = (
				B99ED5BF269ACB340018A2AF /* player.json in Resources */,
				B99ED5C0269ACB340018A2AF /* brand.json in Resources */,
				B99ED5B4269ACA6B0018A2AF /* Preview Assets.xcassets in Resources */,
				B99ED5C2269ACB340018A2AF /* category.json in Resources */,
				B99ED5B1269ACA6B0018A2AF /* Assets.xcassets in Resources */,
				B99ED5C1269ACB340018A2AF /* product.json in Resources */,
			);
			runOnlyForDeploymentPostprocessing = 0;
		};
/* End PBXResourcesBuildPhase section */

/* Begin PBXSourcesBuildPhase section */
		B99ED5A5269ACA680018A2AF /* Sources */ = {
			isa = PBXSourcesBuildPhase;
			buildActionMask = 2147483647;
			files = (
				B9FAB4BC269D6C3900739182 /* PlayerModel.swift in Sources */,
				B9FAB4D6269D88CB00739182 /* HeaderDetailView.swift in Sources */,
				B9FAB4D8269D8ADA00739182 /* TopPartDetailView.swift in Sources */,
				B962F440269ADEC00001AB63 /* CodableBundleExtension.swift in Sources */,
				B94E0A4E269EC96700FDFF89 /* AddToCart.swift in Sources */,
				B99ED5AF269ACA680018A2AF /* ContentView.swift in Sources */,
				B962F43C269AD8900001AB63 /* LogoView.swift in Sources */,
				B962F438269AD3430001AB63 /* FooterView.swift in Sources */,
				B9FAB4CA269D793100739182 /* ProductItemView.swift in Sources */,
				B9FAB4D0269D818E00739182 /* BrandGridView.swift in Sources */,
				B94E0A4A269EB93700FDFF89 /* RatingsSizesDetailView.swift in Sources */,
				B962F442269AE1E70001AB63 /* FeaturedItemView.swift in Sources */,
				B9FAB4D2269D853F00739182 /* ProductDetailView.swift in Sources */,
				B99ED5AD269ACA680018A2AF /* TouchdownApp.swift in Sources */,
				B9FAB4D4269D867500739182 /* NavigationBarDetailView.swift in Sources */,
				B9FAB4C2269D70A900739182 /* CategoryGridView.swift in Sources */,
				B9FAB4BE269D6CC900739182 /* CategoryModel.swift in Sources */,
				B99ED5CC269ACDD70018A2AF /* Constant.swift in Sources */,
				B9FAB4C4269D725300739182 /* SectionView.swift in Sources */,
				B9FAB4CE269D804B00739182 /* BrandItemView.swift in Sources */,
				B9FAB4C0269D6E9800739182 /* CategoryItemView.swift in Sources */,
				B962F43A269AD6980001AB63 /* NavigationBarView.swift in Sources */,
				B94E0A48269EB58D00FDFF89 /* CustomShape.swift in Sources */,
				B962F444269AE2A10001AB63 /* FeaturedTabView.swift in Sources */,
				B94E0A50269ECBAF00FDFF89 /* Shop.swift in Sources */,
				B9FAB4CC269D7FC300739182 /* BrandModel.swift in Sources */,
				B9FAB4C6269D761A00739182 /* TitleView.swift in Sources */,
				B94E0A4C269EC5C600FDFF89 /* QuantityFavouriteDetailView.swift in Sources */,
				B9FAB4C8269D783C00739182 /* ProductModel.swift in Sources */,
			);
			runOnlyForDeploymentPostprocessing = 0;
		};
/* End PBXSourcesBuildPhase section */

/* Begin XCBuildConfiguration section */
		B99ED5B6269ACA6B0018A2AF /* Debug */ = {
			isa = XCBuildConfiguration;
			buildSettings = {
				ALWAYS_SEARCH_USER_PATHS = NO;
				CLANG_ANALYZER_NONNULL = YES;
				CLANG_ANALYZER_NUMBER_OBJECT_CONVERSION = YES_AGGRESSIVE;
				CLANG_CXX_LANGUAGE_STANDARD = "gnu++14";
				CLANG_CXX_LIBRARY = "libc++";
				CLANG_ENABLE_MODULES = YES;
				CLANG_ENABLE_OBJC_ARC = YES;
				CLANG_ENABLE_OBJC_WEAK = YES;
				CLANG_WARN_BLOCK_CAPTURE_AUTORELEASING = YES;
				CLANG_WARN_BOOL_CONVERSION = YES;
				CLANG_WARN_COMMA = YES;
				CLANG_WARN_CONSTANT_CONVERSION = YES;
				CLANG_WARN_DEPRECATED_OBJC_IMPLEMENTATIONS = YES;
				CLANG_WARN_DIRECT_OBJC_ISA_USAGE = YES_ERROR;
				CLANG_WARN_DOCUMENTATION_COMMENTS = YES;
				CLANG_WARN_EMPTY_BODY = YES;
				CLANG_WARN_ENUM_CONVERSION = YES;
				CLANG_WARN_INFINITE_RECURSION = YES;
				CLANG_WARN_INT_CONVERSION = YES;
				CLANG_WARN_NON_LITERAL_NULL_CONVERSION = YES;
				CLANG_WARN_OBJC_IMPLICIT_RETAIN_SELF = YES;
				CLANG_WARN_OBJC_LITERAL_CONVERSION = YES;
				CLANG_WARN_OBJC_ROOT_CLASS = YES_ERROR;
				CLANG_WARN_QUOTED_INCLUDE_IN_FRAMEWORK_HEADER = YES;
				CLANG_WARN_RANGE_LOOP_ANALYSIS = YES;
				CLANG_WARN_STRICT_PROTOTYPES = YES;
				CLANG_WARN_SUSPICIOUS_MOVE = YES;
				CLANG_WARN_UNGUARDED_AVAILABILITY = YES_AGGRESSIVE;
				CLANG_WARN_UNREACHABLE_CODE = YES;
				CLANG_WARN__DUPLICATE_METHOD_MATCH = YES;
				COPY_PHASE_STRIP = NO;
				DEBUG_INFORMATION_FORMAT = dwarf;
				ENABLE_STRICT_OBJC_MSGSEND = YES;
				ENABLE_TESTABILITY = YES;
				GCC_C_LANGUAGE_STANDARD = gnu11;
				GCC_DYNAMIC_NO_PIC = NO;
				GCC_NO_COMMON_BLOCKS = YES;
				GCC_OPTIMIZATION_LEVEL = 0;
				GCC_PREPROCESSOR_DEFINITIONS = (
					"DEBUG=1",
					"$(inherited)",
				);
				GCC_WARN_64_TO_32_BIT_CONVERSION = YES;
				GCC_WARN_ABOUT_RETURN_TYPE = YES_ERROR;
				GCC_WARN_UNDECLARED_SELECTOR = YES;
				GCC_WARN_UNINITIALIZED_AUTOS = YES_AGGRESSIVE;
				GCC_WARN_UNUSED_FUNCTION = YES;
				GCC_WARN_UNUSED_VARIABLE = YES;
				IPHONEOS_DEPLOYMENT_TARGET = 14.5;
				MTL_ENABLE_DEBUG_INFO = INCLUDE_SOURCE;
				MTL_FAST_MATH = YES;
				ONLY_ACTIVE_ARCH = YES;
				SDKROOT = iphoneos;
				SWIFT_ACTIVE_COMPILATION_CONDITIONS = DEBUG;
				SWIFT_OPTIMIZATION_LEVEL = "-Onone";
			};
			name = Debug;
		};
		B99ED5B7269ACA6B0018A2AF /* Release */ = {
			isa = XCBuildConfiguration;
			buildSettings = {
				ALWAYS_SEARCH_USER_PATHS = NO;
				CLANG_ANALYZER_NONNULL = YES;
				CLANG_ANALYZER_NUMBER_OBJECT_CONVERSION = YES_AGGRESSIVE;
				CLANG_CXX_LANGUAGE_STANDARD = "gnu++14";
				CLANG_CXX_LIBRARY = "libc++";
				CLANG_ENABLE_MODULES = YES;
				CLANG_ENABLE_OBJC_ARC = YES;
				CLANG_ENABLE_OBJC_WEAK = YES;
				CLANG_WARN_BLOCK_CAPTURE_AUTORELEASING = YES;
				CLANG_WARN_BOOL_CONVERSION = YES;
				CLANG_WARN_COMMA = YES;
				CLANG_WARN_CONSTANT_CONVERSION = YES;
				CLANG_WARN_DEPRECATED_OBJC_IMPLEMENTATIONS = YES;
				CLANG_WARN_DIRECT_OBJC_ISA_USAGE = YES_ERROR;
				CLANG_WARN_DOCUMENTATION_COMMENTS = YES;
				CLANG_WARN_EMPTY_BODY = YES;
				CLANG_WARN_ENUM_CONVERSION = YES;
				CLANG_WARN_INFINITE_RECURSION = YES;
				CLANG_WARN_INT_CONVERSION = YES;
				CLANG_WARN_NON_LITERAL_NULL_CONVERSION = YES;
				CLANG_WARN_OBJC_IMPLICIT_RETAIN_SELF = YES;
				CLANG_WARN_OBJC_LITERAL_CONVERSION = YES;
				CLANG_WARN_OBJC_ROOT_CLASS = YES_ERROR;
				CLANG_WARN_QUOTED_INCLUDE_IN_FRAMEWORK_HEADER = YES;
				CLANG_WARN_RANGE_LOOP_ANALYSIS = YES;
				CLANG_WARN_STRICT_PROTOTYPES = YES;
				CLANG_WARN_SUSPICIOUS_MOVE = YES;
				CLANG_WARN_UNGUARDED_AVAILABILITY = YES_AGGRESSIVE;
				CLANG_WARN_UNREACHABLE_CODE = YES;
				CLANG_WARN__DUPLICATE_METHOD_MATCH = YES;
				COPY_PHASE_STRIP = NO;
				DEBUG_INFORMATION_FORMAT = "dwarf-with-dsym";
				ENABLE_NS_ASSERTIONS = NO;
				ENABLE_STRICT_OBJC_MSGSEND = YES;
				GCC_C_LANGUAGE_STANDARD = gnu11;
				GCC_NO_COMMON_BLOCKS = YES;
				GCC_WARN_64_TO_32_BIT_CONVERSION = YES;
				GCC_WARN_ABOUT_RETURN_TYPE = YES_ERROR;
				GCC_WARN_UNDECLARED_SELECTOR = YES;
				GCC_WARN_UNINITIALIZED_AUTOS = YES_AGGRESSIVE;
				GCC_WARN_UNUSED_FUNCTION = YES;
				GCC_WARN_UNUSED_VARIABLE = YES;
				IPHONEOS_DEPLOYMENT_TARGET = 14.5;
				MTL_ENABLE_DEBUG_INFO = NO;
				MTL_FAST_MATH = YES;
				SDKROOT = iphoneos;
				SWIFT_COMPILATION_MODE = wholemodule;
				SWIFT_OPTIMIZATION_LEVEL = "-O";
				VALIDATE_PRODUCT = YES;
			};
			name = Release;
		};
		B99ED5B9269ACA6B0018A2AF /* Debug */ = {
			isa = XCBuildConfiguration;
			buildSettings = {
				ASSETCATALOG_COMPILER_APPICON_NAME = AppIcon;
				ASSETCATALOG_COMPILER_GLOBAL_ACCENT_COLOR_NAME = AccentColor;
				CODE_SIGN_STYLE = Automatic;
				DEVELOPMENT_ASSET_PATHS = "\"Touchdown/Preview Content\"";
				DEVELOPMENT_TEAM = FZWQ4N7JHK;
				ENABLE_PREVIEWS = YES;
				INFOPLIST_FILE = Touchdown/Info.plist;
				IPHONEOS_DEPLOYMENT_TARGET = 14.0;
				LD_RUNPATH_SEARCH_PATHS = (
					"$(inherited)",
					"@executable_path/Frameworks",
				);
				PRODUCT_BUNDLE_IDENTIFIER = FREE.Touchdown;
				PRODUCT_NAME = "$(TARGET_NAME)";
				SWIFT_VERSION = 5.0;
				TARGETED_DEVICE_FAMILY = "1,2";
			};
			name = Debug;
		};
		B99ED5BA269ACA6B0018A2AF /* Release */ = {
			isa = XCBuildConfiguration;
			buildSettings = {
				ASSETCATALOG_COMPILER_APPICON_NAME = AppIcon;
				ASSETCATALOG_COMPILER_GLOBAL_ACCENT_COLOR_NAME = AccentColor;
				CODE_SIGN_STYLE = Automatic;
				DEVELOPMENT_ASSET_PATHS = "\"Touchdown/Preview Content\"";
				DEVELOPMENT_TEAM = FZWQ4N7JHK;
				ENABLE_PREVIEWS = YES;
				INFOPLIST_FILE = Touchdown/Info.plist;
				IPHONEOS_DEPLOYMENT_TARGET = 14.0;
				LD_RUNPATH_SEARCH_PATHS = (
					"$(inherited)",
					"@executable_path/Frameworks",
				);
				PRODUCT_BUNDLE_IDENTIFIER = FREE.Touchdown;
				PRODUCT_NAME = "$(TARGET_NAME)";
				SWIFT_VERSION = 5.0;
				TARGETED_DEVICE_FAMILY = "1,2";
			};
			name = Release;
		};
/* End XCBuildConfiguration section */

/* Begin XCConfigurationList section */
		B99ED5A4269ACA670018A2AF /* Build configuration list for PBXProject "Touchdown" */ = {
			isa = XCConfigurationList;
			buildConfigurations = (
				B99ED5B6269ACA6B0018A2AF /* Debug */,
				B99ED5B7269ACA6B0018A2AF /* Release */,
			);
			defaultConfigurationIsVisible = 0;
			defaultConfigurationName = Release;
		};
		B99ED5B8269ACA6B0018A2AF /* Build configuration list for PBXNativeTarget "Touchdown" */ = {
			isa = XCConfigurationList;
			buildConfigurations = (
				B99ED5B9269ACA6B0018A2AF /* Debug */,
				B99ED5BA269ACA6B0018A2AF /* Release */,
			);
			defaultConfigurationIsVisible = 0;
			defaultConfigurationName = Release;
		};
/* End XCConfigurationList section */
	};
	rootObject = B99ED5A1269ACA670018A2AF /* Project object */;
}
